# This file is automatically @generated by Cargo.
# It is not intended for manual editing.
version = 4

[[package]]
name = "first-crate"
version = "0.1.0"
dependencies = [
 "trait-crate",
]

[[package]]
name = "second-crate"
version = "0.1.0"
dependencies = [
 "first-crate",
 "trait-crate",
]

[[package]]
name = "trait-crate"
version = "0.1.0"
